// !$*UTF8*$!
{
	archiveVersion = 1;
	classes = {
	};
	objectVersion = 46;
	objects = {

/* Begin PBXBuildFile section */
		770B285C31A8D5BB6485C81F /* libPods.a in Frameworks */ = {isa = PBXBuildFile; fileRef = 76AEA2A3E03F788ACAA2419E /* libPods.a */; };
		F88C2D031CBF94ED00B96326 /* EnableCellular.m in Sources */ = {isa = PBXBuildFile; fileRef = F88C2D021CBF94ED00B96326 /* EnableCellular.m */; };
		F8EA07561CB2995E00CE318D /* AppDelegate.swift in Sources */ = {isa = PBXBuildFile; fileRef = F8EA07551CB2995E00CE318D /* AppDelegate.swift */; };
		F8EA07581CB2995E00CE318D /* ViewController.swift in Sources */ = {isa = PBXBuildFile; fileRef = F8EA07571CB2995E00CE318D /* ViewController.swift */; };
		F8EA075B1CB2995E00CE318D /* Main.storyboard in Resources */ = {isa = PBXBuildFile; fileRef = F8EA07591CB2995E00CE318D /* Main.storyboard */; };
		F8EA075D1CB2995E00CE318D /* Assets.xcassets in Resources */ = {isa = PBXBuildFile; fileRef = F8EA075C1CB2995E00CE318D /* Assets.xcassets */; };
		F8EA07601CB2995E00CE318D /* LaunchScreen.storyboard in Resources */ = {isa = PBXBuildFile; fileRef = F8EA075E1CB2995E00CE318D /* LaunchScreen.storyboard */; };
		F8EA076A1CB2CB2500CE318D /* Reachability.m in Sources */ = {isa = PBXBuildFile; fileRef = F8EA07691CB2CB2500CE318D /* Reachability.m */; };
/* End PBXBuildFile section */

/* Begin PBXFileReference section */
		76AEA2A3E03F788ACAA2419E /* libPods.a */ = {isa = PBXFileReference; explicitFileType = archive.ar; includeInIndex = 0; path = libPods.a; sourceTree = BUILT_PRODUCTS_DIR; };
		C15E96A56D1FD390B752963F /* Pods.debug.xcconfig */ = {isa = PBXFileReference; includeInIndex = 1; lastKnownFileType = text.xcconfig; name = Pods.debug.xcconfig; path = "Pods/Target Support Files/Pods/Pods.debug.xcconfig"; sourceTree = "<group>"; };
		F64B0AE4D8CAFC1EC6381DE9 /* Pods.release.xcconfig */ = {isa = PBXFileReference; includeInIndex = 1; lastKnownFileType = text.xcconfig; name = Pods.release.xcconfig; path = "Pods/Target Support Files/Pods/Pods.release.xcconfig"; sourceTree = "<group>"; };
		F88C2D011CBF94ED00B96326 /* EnableCellular.h */ = {isa = PBXFileReference; fileEncoding = 4; lastKnownFileType = sourcecode.c.h; path = EnableCellular.h; sourceTree = "<group>"; };
		F88C2D021CBF94ED00B96326 /* EnableCellular.m */ = {isa = PBXFileReference; fileEncoding = 4; lastKnownFileType = sourcecode.c.objc; path = EnableCellular.m; sourceTree = "<group>"; };
		F8EA07521CB2995E00CE318D /* testreconnection.app */ = {isa = PBXFileReference; explicitFileType = wrapper.application; includeInIndex = 0; path = testreconnection.app; sourceTree = BUILT_PRODUCTS_DIR; };
		F8EA07551CB2995E00CE318D /* AppDelegate.swift */ = {isa = PBXFileReference; lastKnownFileType = sourcecode.swift; path = AppDelegate.swift; sourceTree = "<group>"; };
		F8EA07571CB2995E00CE318D /* ViewController.swift */ = {isa = PBXFileReference; lastKnownFileType = sourcecode.swift; path = ViewController.swift; sourceTree = "<group>"; };
		F8EA075A1CB2995E00CE318D /* Base */ = {isa = PBXFileReference; lastKnownFileType = file.storyboard; name = Base; path = Base.lproj/Main.storyboard; sourceTree = "<group>"; };
		F8EA075C1CB2995E00CE318D /* Assets.xcassets */ = {isa = PBXFileReference; lastKnownFileType = folder.assetcatalog; path = Assets.xcassets; sourceTree = "<group>"; };
		F8EA075F1CB2995E00CE318D /* Base */ = {isa = PBXFileReference; lastKnownFileType = file.storyboard; name = Base; path = Base.lproj/LaunchScreen.storyboard; sourceTree = "<group>"; };
		F8EA07611CB2995E00CE318D /* Info.plist */ = {isa = PBXFileReference; lastKnownFileType = text.plist.xml; path = Info.plist; sourceTree = "<group>"; };
		F8EA07671CB29A9C00CE318D /* test-Bridging-header.h */ = {isa = PBXFileReference; lastKnownFileType = sourcecode.c.h; path = "test-Bridging-header.h"; sourceTree = "<group>"; };
		F8EA07681CB2CB2500CE318D /* Reachability.h */ = {isa = PBXFileReference; fileEncoding = 4; lastKnownFileType = sourcecode.c.h; path = Reachability.h; sourceTree = "<group>"; };
		F8EA07691CB2CB2500CE318D /* Reachability.m */ = {isa = PBXFileReference; fileEncoding = 4; lastKnownFileType = sourcecode.c.objc; path = Reachability.m; sourceTree = "<group>"; };
/* End PBXFileReference section */

/* Begin PBXFrameworksBuildPhase section */
		F8EA074F1CB2995E00CE318D /* Frameworks */ = {
			isa = PBXFrameworksBuildPhase;
			buildActionMask = 2147483647;
			files = (
				770B285C31A8D5BB6485C81F /* libPods.a in Frameworks */,
			);
			runOnlyForDeploymentPostprocessing = 0;
		};
/* End PBXFrameworksBuildPhase section */

/* Begin PBXGroup section */
		6B60369E99FB7C42629E188D /* Frameworks */ = {
			isa = PBXGroup;
			children = (
				76AEA2A3E03F788ACAA2419E /* libPods.a */,
			);
			name = Frameworks;
			sourceTree = "<group>";
		};
		76A58F309F3407963A2D1DF1 /* Pods */ = {
			isa = PBXGroup;
			children = (
				C15E96A56D1FD390B752963F /* Pods.debug.xcconfig */,
				F64B0AE4D8CAFC1EC6381DE9 /* Pods.release.xcconfig */,
			);
			name = Pods;
			sourceTree = "<group>";
		};
		F8EA07491CB2995E00CE318D = {
			isa = PBXGroup;
			children = (
				F8EA07541CB2995E00CE318D /* testreconnection */,
				F8EA07531CB2995E00CE318D /* Products */,
				76A58F309F3407963A2D1DF1 /* Pods */,
				6B60369E99FB7C42629E188D /* Frameworks */,
			);
			sourceTree = "<group>";
		};
		F8EA07531CB2995E00CE318D /* Products */ = {
			isa = PBXGroup;
			children = (
				F8EA07521CB2995E00CE318D /* testreconnection.app */,
			);
			name = Products;
			sourceTree = "<group>";
		};
		F8EA07541CB2995E00CE318D /* testreconnection */ = {
			isa = PBXGroup;
			children = (
				F8EA07551CB2995E00CE318D /* AppDelegate.swift */,
				F8EA07571CB2995E00CE318D /* ViewController.swift */,
				F8EA07591CB2995E00CE318D /* Main.storyboard */,
				F8EA075C1CB2995E00CE318D /* Assets.xcassets */,
				F8EA075E1CB2995E00CE318D /* LaunchScreen.storyboard */,
				F8EA07611CB2995E00CE318D /* Info.plist */,
				F8EA07671CB29A9C00CE318D /* test-Bridging-header.h */,
				F8EA07681CB2CB2500CE318D /* Reachability.h */,
				F8EA07691CB2CB2500CE318D /* Reachability.m */,
				F88C2D011CBF94ED00B96326 /* EnableCellular.h */,
				F88C2D021CBF94ED00B96326 /* EnableCellular.m */,
			);
			path = testreconnection;
			sourceTree = "<group>";
		};
/* End PBXGroup section */

/* Begin PBXNativeTarget section */
		F8EA07511CB2995E00CE318D /* testreconnection */ = {
			isa = PBXNativeTarget;
			buildConfigurationList = F8EA07641CB2995E00CE318D /* Build configuration list for PBXNativeTarget "testreconnection" */;
			buildPhases = (
				6E2FF2ADC51F54C392C24B8B /* Check Pods Manifest.lock */,
				F8EA074E1CB2995E00CE318D /* Sources */,
				F8EA074F1CB2995E00CE318D /* Frameworks */,
				F8EA07501CB2995E00CE318D /* Resources */,
				7008C93DDBDE2C05D6334090 /* Embed Pods Frameworks */,
				6BF06EEF838B9CCF5ED851CC /* Copy Pods Resources */,
			);
			buildRules = (
			);
			dependencies = (
			);
			name = testreconnection;
			productName = testreconnection;
			productReference = F8EA07521CB2995E00CE318D /* testreconnection.app */;
			productType = "com.apple.product-type.application";
		};
/* End PBXNativeTarget section */

/* Begin PBXProject section */
		F8EA074A1CB2995E00CE318D /* Project object */ = {
			isa = PBXProject;
			attributes = {
				LastSwiftUpdateCheck = 0730;
				LastUpgradeCheck = 0730;
				ORGANIZATIONNAME = tokbox;
				TargetAttributes = {
					F8EA07511CB2995E00CE318D = {
						CreatedOnToolsVersion = 7.3;
					};
				};
			};
			buildConfigurationList = F8EA074D1CB2995E00CE318D /* Build configuration list for PBXProject "testreconnection" */;
			compatibilityVersion = "Xcode 3.2";
			developmentRegion = English;
			hasScannedForEncodings = 0;
			knownRegions = (
				en,
				Base,
			);
			mainGroup = F8EA07491CB2995E00CE318D;
			productRefGroup = F8EA07531CB2995E00CE318D /* Products */;
			projectDirPath = "";
			projectRoot = "";
			targets = (
				F8EA07511CB2995E00CE318D /* testreconnection */,
			);
		};
/* End PBXProject section */

/* Begin PBXResourcesBuildPhase section */
		F8EA07501CB2995E00CE318D /* Resources */ = {
			isa = PBXResourcesBuildPhase;
			buildActionMask = 2147483647;
			files = (
				F8EA07601CB2995E00CE318D /* LaunchScreen.storyboard in Resources */,
				F8EA075D1CB2995E00CE318D /* Assets.xcassets in Resources */,
				F8EA075B1CB2995E00CE318D /* Main.storyboard in Resources */,
			);
			runOnlyForDeploymentPostprocessing = 0;
		};
/* End PBXResourcesBuildPhase section */

/* Begin PBXShellScriptBuildPhase section */
		6BF06EEF838B9CCF5ED851CC /* Copy Pods Resources */ = {
			isa = PBXShellScriptBuildPhase;
			buildActionMask = 2147483647;
			files = (
			);
			inputPaths = (
			);
			name = "Copy Pods Resources";
			outputPaths = (
			);
			runOnlyForDeploymentPostprocessing = 0;
			shellPath = /bin/sh;
			shellScript = "\"${SRCROOT}/Pods/Target Support Files/Pods/Pods-resources.sh\"\n";
			showEnvVarsInLog = 0;
		};
		6E2FF2ADC51F54C392C24B8B /* Check Pods Manifest.lock */ = {
			isa = PBXShellScriptBuildPhase;
			buildActionMask = 2147483647;
			files = (
			);
			inputPaths = (
			);
			name = "Check Pods Manifest.lock";
			outputPaths = (
			);
			runOnlyForDeploymentPostprocessing = 0;
			shellPath = /bin/sh;
			shellScript = "diff \"${PODS_ROOT}/../Podfile.lock\" \"${PODS_ROOT}/Manifest.lock\" > /dev/null\nif [[ $? != 0 ]] ; then\n    cat << EOM\nerror: The sandbox is not in sync with the Podfile.lock. Run 'pod install' or update your CocoaPods installation.\nEOM\n    exit 1\nfi\n";
			showEnvVarsInLog = 0;
		};
		7008C93DDBDE2C05D6334090 /* Embed Pods Frameworks */ = {
			isa = PBXShellScriptBuildPhase;
			buildActionMask = 2147483647;
			files = (
			);
			inputPaths = (
			);
			name = "Embed Pods Frameworks";
			outputPaths = (
			);
			runOnlyForDeploymentPostprocessing = 0;
			shellPath = /bin/sh;
			shellScript = "\"${SRCROOT}/Pods/Target Support Files/Pods/Pods-frameworks.sh\"\n";
			showEnvVarsInLog = 0;
		};
/* End PBXShellScriptBuildPhase section */

/* Begin PBXSourcesBuildPhase section */
		F8EA074E1CB2995E00CE318D /* Sources */ = {
			isa = PBXSourcesBuildPhase;
			buildActionMask = 2147483647;
			files = (
				F8EA07581CB2995E00CE318D /* ViewController.swift in Sources */,
				F8EA076A1CB2CB2500CE318D /* Reachability.m in Sources */,
				F8EA07561CB2995E00CE318D /* AppDelegate.swift in Sources */,
				F88C2D031CBF94ED00B96326 /* EnableCellular.m in Sources */,
			);
			runOnlyForDeploymentPostprocessing = 0;
		};
/* End PBXSourcesBuildPhase section */

/* Begin PBXVariantGroup section */
		F8EA07591CB2995E00CE318D /* Main.storyboard */ = {
			isa = PBXVariantGroup;
			children = (
				F8EA075A1CB2995E00CE318D /* Base */,
			);
			name = Main.storyboard;
			sourceTree = "<group>";
		};
		F8EA075E1CB2995E00CE318D /* LaunchScreen.storyboard */ = {
			isa = PBXVariantGroup;
			children = (
				F8EA075F1CB2995E00CE318D /* Base */,
			);
			name = LaunchScreen.storyboard;
			sourceTree = "<group>";
		};
/* End PBXVariantGroup section */

/* Begin XCBuildConfiguration section */
		F8EA07621CB2995E00CE318D /* Debug */ = {
			isa = XCBuildConfiguration;
			buildSettings = {
				ALWAYS_SEARCH_USER_PATHS = NO;
				CLANG_ANALYZER_NONNULL = YES;
				CLANG_CXX_LANGUAGE_STANDARD = "gnu++0x";
				CLANG_CXX_LIBRARY = "libc++";
				CLANG_ENABLE_MODULES = YES;
				CLANG_ENABLE_OBJC_ARC = YES;
				CLANG_WARN_BOOL_CONVERSION = YES;
				CLANG_WARN_CONSTANT_CONVERSION = YES;
				CLANG_WARN_DIRECT_OBJC_ISA_USAGE = YES_ERROR;
				CLANG_WARN_EMPTY_BODY = YES;
				CLANG_WARN_ENUM_CONVERSION = YES;
				CLANG_WARN_INT_CONVERSION = YES;
				CLANG_WARN_OBJC_ROOT_CLASS = YES_ERROR;
				CLANG_WARN_UNREACHABLE_CODE = YES;
				CLANG_WARN__DUPLICATE_METHOD_MATCH = YES;
				"CODE_SIGN_IDENTITY[sdk=iphoneos*]" = "iPhone Developer";
				COPY_PHASE_STRIP = NO;
				DEBUG_INFORMATION_FORMAT = dwarf;
				ENABLE_STRICT_OBJC_MSGSEND = YES;
				ENABLE_TESTABILITY = YES;
				GCC_C_LANGUAGE_STANDARD = gnu99;
				GCC_DYNAMIC_NO_PIC = NO;
				GCC_NO_COMMON_BLOCKS = YES;
				GCC_OPTIMIZATION_LEVEL = 0;
				GCC_PREPROCESSOR_DEFINITIONS = (
					"DEBUG=1",
					"$(inherited)",
				);
				GCC_WARN_64_TO_32_BIT_CONVERSION = YES;
				GCC_WARN_ABOUT_RETURN_TYPE = YES_ERROR;
				GCC_WARN_UNDECLARED_SELECTOR = YES;
				GCC_WARN_UNINITIALIZED_AUTOS = YES_AGGRESSIVE;
				GCC_WARN_UNUSED_FUNCTION = YES;
				GCC_WARN_UNUSED_VARIABLE = YES;
				IPHONEOS_DEPLOYMENT_TARGET = 9.3;
				MTL_ENABLE_DEBUG_INFO = YES;
				ONLY_ACTIVE_ARCH = YES;
				SDKROOT = iphoneos;
				SWIFT_OPTIMIZATION_LEVEL = "-Onone";
			};
			name = Debug;
		};
		F8EA07631CB2995E00CE318D /* Release */ = {
			isa = XCBuildConfiguration;
			buildSettings = {
				ALWAYS_SEARCH_USER_PATHS = NO;
				CLANG_ANALYZER_NONNULL = YES;
				CLANG_CXX_LANGUAGE_STANDARD = "gnu++0x";
				CLANG_CXX_LIBRARY = "libc++";
				CLANG_ENABLE_MODULES = YES;
				CLANG_ENABLE_OBJC_ARC = YES;
				CLANG_WARN_BOOL_CONVERSION = YES;
				CLANG_WARN_CONSTANT_CONVERSION = YES;
				CLANG_WARN_DIRECT_OBJC_ISA_USAGE = YES_ERROR;
				CLANG_WARN_EMPTY_BODY = YES;
				CLANG_WARN_ENUM_CONVERSION = YES;
				CLANG_WARN_INT_CONVERSION = YES;
				CLANG_WARN_OBJC_ROOT_CLASS = YES_ERROR;
				CLANG_WARN_UNREACHABLE_CODE = YES;
				CLANG_WARN__DUPLICATE_METHOD_MATCH = YES;
				"CODE_SIGN_IDENTITY[sdk=iphoneos*]" = "iPhone Developer";
				COPY_PHASE_STRIP = NO;
				DEBUG_INFORMATION_FORMAT = "dwarf-with-dsym";
				ENABLE_NS_ASSERTIONS = NO;
				ENABLE_STRICT_OBJC_MSGSEND = YES;
				GCC_C_LANGUAGE_STANDARD = gnu99;
				GCC_NO_COMMON_BLOCKS = YES;
				GCC_WARN_64_TO_32_BIT_CONVERSION = YES;
				GCC_WARN_ABOUT_RETURN_TYPE = YES_ERROR;
				GCC_WARN_UNDECLARED_SELECTOR = YES;
				GCC_WARN_UNINITIALIZED_AUTOS = YES_AGGRESSIVE;
				GCC_WARN_UNUSED_FUNCTION = YES;
				GCC_WARN_UNUSED_VARIABLE = YES;
				IPHONEOS_DEPLOYMENT_TARGET = 9.3;
				MTL_ENABLE_DEBUG_INFO = NO;
				SDKROOT = iphoneos;
				VALIDATE_PRODUCT = YES;
			};
			name = Release;
		};
		F8EA07651CB2995E00CE318D /* Debug */ = {
			isa = XCBuildConfiguration;
			baseConfigurationReference = C15E96A56D1FD390B752963F /* Pods.debug.xcconfig */;
			buildSettings = {
				ASSETCATALOG_COMPILER_APPICON_NAME = AppIcon;
				ENABLE_BITCODE = NO;
				INFOPLIST_FILE = testreconnection/Info.plist;
				LD_RUNPATH_SEARCH_PATHS = "$(inherited) @executable_path/Frameworks";
				PRODUCT_BUNDLE_IDENTIFIER = com.opentok.testreconnection;
				PRODUCT_NAME = "$(TARGET_NAME)";
				SWIFT_OBJC_BRIDGING_HEADER = "testreconnection/test-Bridging-header.h";
			};
			name = Debug;
		};
		F8EA07661CB2995E00CE318D /* Release */ = {
			isa = XCBuildConfiguration;
			baseConfigurationReference = F64B0AE4D8CAFC1EC6381DE9 /* Pods.release.xcconfig */;
			buildSettings = {
				ASSETCATALOG_COMPILER_APPICON_NAME = AppIcon;
				ENABLE_BITCODE = NO;
				INFOPLIST_FILE = testreconnection/Info.plist;
				LD_RUNPATH_SEARCH_PATHS = "$(inherited) @executable_path/Frameworks";
				PRODUCT_BUNDLE_IDENTIFIER = com.opentok.testreconnection;
				PRODUCT_NAME = "$(TARGET_NAME)";
				SWIFT_OBJC_BRIDGING_HEADER = "testreconnection/test-Bridging-header.h";
			};
			name = Release;
		};
/* End XCBuildConfiguration section */

/* Begin XCConfigurationList section */
		F8EA074D1CB2995E00CE318D /* Build configuration list for PBXProject "testreconnection" */ = {
			isa = XCConfigurationList;
			buildConfigurations = (
				F8EA07621CB2995E00CE318D /* Debug */,
				F8EA07631CB2995E00CE318D /* Release */,
			);
			defaultConfigurationIsVisible = 0;
			defaultConfigurationName = Release;
		};
		F8EA07641CB2995E00CE318D /* Build configuration list for PBXNativeTarget "testreconnection" */ = {
			isa = XCConfigurationList;
			buildConfigurations = (
				F8EA07651CB2995E00CE318D /* Debug */,
				F8EA07661CB2995E00CE318D /* Release */,
			);
			defaultConfigurationIsVisible = 0;
			defaultConfigurationName = Release;
		};
/* End XCConfigurationList section */
	};
	rootObject = F8EA074A1CB2995E00CE318D /* Project object */;
}
